
Microsoft Visual Studio Solution File, Format Version 12.00
# Visual Studio 14
VisualStudioVersion = 14.0.24720.0
MinimumVisualStudioVersion = 10.0.40219.1
Project("{FAE04EC0-301F-11D3-BF4B-00C04F79EFBC}") = "Tamagotchi.Domain", "Tamagotchi.Domain\Tamagotchi.Domain.csproj", "{128BF777-E85C-4B6D-A89D-E48DCAC00EEE}"
EndProject
Project("{FAE04EC0-301F-11D3-BF4B-00C04F79EFBC}") = "Tamagotchi.Domain.Test", "Tamagotchi.Domain.Test\Tamagotchi.Domain.Test.csproj", "{B1D02563-494D-4544-BE66-48381968EAA4}"
EndProject
Project("{FAE04EC0-301F-11D3-BF4B-00C04F79EFBC}") = "Tamagotchi.Service", "Tamagotchi.Service\Tamagotchi.Service.csproj", "{BD377D8C-CDD5-420B-B898-04BE1E5BEEAD}"
EndProject
Project("{FAE04EC0-301F-11D3-BF4B-00C04F79EFBC}") = "Tamagotchi.Console", "Tamagotchi.Console\Tamagotchi.Console.csproj", "{D3968191-96AA-4D7E-B8C5-CF6589CA3A0C}"
	ProjectSection(ProjectDependencies) = postProject
		{BD377D8C-CDD5-420B-B898-04BE1E5BEEAD} = {BD377D8C-CDD5-420B-B898-04BE1E5BEEAD}
	EndProjectSection
EndProject
Project("{FAE04EC0-301F-11D3-BF4B-00C04F79EFBC}") = "Tamagotchi.Web", "Tamagotchi.Web\Tamagotchi.Web.csproj", "{6D747789-5266-49DD-81F0-F45C64B12B17}"
EndProject
Global
	GlobalSection(SolutionConfigurationPlatforms) = preSolution
		Debug|Any CPU = Debug|Any CPU
		Release|Any CPU = Release|Any CPU
	EndGlobalSection
	GlobalSection(ProjectConfigurationPlatforms) = postSolution
		{128BF777-E85C-4B6D-A89D-E48DCAC00EEE}.Debug|Any CPU.ActiveCfg = Debug|Any CPU
		{128BF777-E85C-4B6D-A89D-E48DCAC00EEE}.Debug|Any CPU.Build.0 = Debug|Any CPU
		{128BF777-E85C-4B6D-A89D-E48DCAC00EEE}.Release|Any CPU.ActiveCfg = Release|Any CPU
		{128BF777-E85C-4B6D-A89D-E48DCAC00EEE}.Release|Any CPU.Build.0 = Release|Any CPU
		{B1D02563-494D-4544-BE66-48381968EAA4}.Debug|Any CPU.ActiveCfg = Debug|Any CPU
		{B1D02563-494D-4544-BE66-48381968EAA4}.Debug|Any CPU.Build.0 = Debug|Any CPU
		{B1D02563-494D-4544-BE66-48381968EAA4}.Release|Any CPU.ActiveCfg = Release|Any CPU
		{B1D02563-494D-4544-BE66-48381968EAA4}.Release|Any CPU.Build.0 = Release|Any CPU
		{BD377D8C-CDD5-420B-B898-04BE1E5BEEAD}.Debug|Any CPU.ActiveCfg = Debug|Any CPU
		{BD377D8C-CDD5-420B-B898-04BE1E5BEEAD}.Debug|Any CPU.Build.0 = Debug|Any CPU
		{BD377D8C-CDD5-420B-B898-04BE1E5BEEAD}.Release|Any CPU.ActiveCfg = Release|Any CPU
		{BD377D8C-CDD5-420B-B898-04BE1E5BEEAD}.Release|Any CPU.Build.0 = Release|Any CPU
		{D3968191-96AA-4D7E-B8C5-CF6589CA3A0C}.Debug|Any CPU.ActiveCfg = Debug|Any CPU
		{D3968191-96AA-4D7E-B8C5-CF6589CA3A0C}.Debug|Any CPU.Build.0 = Debug|Any CPU
		{D3968191-96AA-4D7E-B8C5-CF6589CA3A0C}.Release|Any CPU.ActiveCfg = Release|Any CPU
		{D3968191-96AA-4D7E-B8C5-CF6589CA3A0C}.Release|Any CPU.Build.0 = Release|Any CPU
		{6D747789-5266-49DD-81F0-F45C64B12B17}.Debug|Any CPU.ActiveCfg = Debug|Any CPU
		{6D747789-5266-49DD-81F0-F45C64B12B17}.Debug|Any CPU.Build.0 = Debug|Any CPU
		{6D747789-5266-49DD-81F0-F45C64B12B17}.Release|Any CPU.ActiveCfg = Release|Any CPU
		{6D747789-5266-49DD-81F0-F45C64B12B17}.Release|Any CPU.Build.0 = Release|Any CPU
	EndGlobalSection
	GlobalSection(SolutionProperties) = preSolution
		HideSolutionNode = FALSE
	EndGlobalSection
EndGlobal
